Microsoft Visual Studio Solution File, Format Version 12.00
# Visual Studio 2012
Project("{F184B08F-C81C-45F6-A57F-5ABD9991F28F}") = "DNNStuff.Aggregator", "DNNStuff.Aggregator.vbproj", "{22B3EC39-D311-424F-B899-A822B8709767}"
EndProject
Project("{F184B08F-C81C-45F6-A57F-5ABD9991F28F}") = "DNNStuff.Aggregator.SqlDataProvider", "Providers\SqlDataProvider\DNNStuff.Aggregator.SqlDataProvider.vbproj", "{DBE7F349-8112-44D2-A094-EBBEDF015E0B}"
EndProject
Global
	GlobalSection(SolutionConfigurationPlatforms) = preSolution
		Debug|Any CPU = Debug|Any CPU
		Release|Any CPU = Release|Any CPU
		Trial|Any CPU = Trial|Any CPU
	EndGlobalSection
	GlobalSection(ProjectConfigurationPlatforms) = postSolution
		{22B3EC39-D311-424F-B899-A822B8709767}.Debug|Any CPU.ActiveCfg = Debug|Any CPU
		{22B3EC39-D311-424F-B899-A822B8709767}.Debug|Any CPU.Build.0 = Debug|Any CPU
		{22B3EC39-D311-424F-B899-A822B8709767}.Release|Any CPU.ActiveCfg = Release|Any CPU
		{22B3EC39-D311-424F-B899-A822B8709767}.Release|Any CPU.Build.0 = Release|Any CPU
		{22B3EC39-D311-424F-B899-A822B8709767}.Trial|Any CPU.ActiveCfg = Trial|Any CPU
		{22B3EC39-D311-424F-B899-A822B8709767}.Trial|Any CPU.Build.0 = Trial|Any CPU
		{DBE7F349-8112-44D2-A094-EBBEDF015E0B}.Debug|Any CPU.ActiveCfg = Debug|Any CPU
		{DBE7F349-8112-44D2-A094-EBBEDF015E0B}.Debug|Any CPU.Build.0 = Debug|Any CPU
		{DBE7F349-8112-44D2-A094-EBBEDF015E0B}.Release|Any CPU.ActiveCfg = Release|Any CPU
		{DBE7F349-8112-44D2-A094-EBBEDF015E0B}.Release|Any CPU.Build.0 = Release|Any CPU
		{DBE7F349-8112-44D2-A094-EBBEDF015E0B}.Trial|Any CPU.ActiveCfg = Trial|Any CPU
		{DBE7F349-8112-44D2-A094-EBBEDF015E0B}.Trial|Any CPU.Build.0 = Trial|Any CPU
	EndGlobalSection
	GlobalSection(SolutionProperties) = preSolution
		HideSolutionNode = FALSE
	EndGlobalSection
	GlobalSection(ExtensibilityGlobals) = postSolution
		VisualSVNWorkingCopyRoot = .
	EndGlobalSection
EndGlobal
